<?xml version="1.0" encoding="utf-8"?>
<Project ToolsVersion="4.0" xmlns="http://schemas.microsoft.com/developer/msbuild/2003">
  <ItemGroup>
    <Filter Include="Pliki źródłowe">
      <UniqueIdentifier>{4FC737F1-C7A5-4376-A066-2A32D752A2FF}</UniqueIdentifier>
      <Extensions>cpp;c;cc;cxx;def;odl;idl;hpj;bat;asm;asmx</Extensions>
    </Filter>
    <Filter Include="Pliki nagłówkowe">
      <UniqueIdentifier>{93995380-89BD-4b04-88EB-625FBE52EBFB}</UniqueIdentifier>
      <Extensions>h;hh;hpp;hxx;hm;inl;inc;ipp;xsd</Extensions>
    </Filter>
    <Filter Include="Pliki zasobów">
      <UniqueIdentifier>{67DA6AB6-F800-4c08-8B7A-83BB121AAD01}</UniqueIdentifier>
      <Extensions>rc;ico;cur;bmp;dlg;rc2;rct;bin;rgs;gif;jpg;jpeg;jpe;resx;tiff;tif;png;wav;mfcribbon-ms</Extensions>
    </Filter>
  </ItemGroup>
  <ItemGroup>
    <ClCompile Include="main_file.cpp">
      <Filter>Pliki źródłowe</Filter>
    </ClCompile>
    <ClCompile Include="lodepng.cpp">
      <Filter>Pliki nagłówkowe</Filter>
    </ClCompile>
    <ClCompile Include="shaderprogram.cpp">
      <Filter>Pliki nagłówkowe</Filter>
    </ClCompile>
    <ClCompile Include="Snail.cpp">
      <Filter>Pliki źródłowe</Filter>
    </ClCompile>
    <ClCompile Include="OBJloader.cpp">
      <Filter>Pliki źródłowe</Filter>
    </ClCompile>
    <ClCompile Include="Camera.cpp">
      <Filter>Pliki źródłowe</Filter>
    </ClCompile>
    <ClCompile Include="StrengthBar.cpp">
      <Filter>Pliki źródłowe</Filter>
    </ClCompile>
    <ClCompile Include="AABBObject.cpp">
      <Filter>Pliki źródłowe</Filter>
    </ClCompile>
    <ClCompile Include="model.cpp">
      <Filter>Pliki nagłówkowe</Filter>
    </ClCompile>
    <ClCompile Include="sphere.cpp">
      <Filter>Pliki nagłówkowe</Filter>
    </ClCompile>
    <ClCompile Include="torus.cpp">
      <Filter>Pliki nagłówkowe</Filter>
    </ClCompile>
    <ClCompile Include="cube.cpp">
      <Filter>Pliki zasobów</Filter>
    </ClCompile>
    <ClCompile Include="Bazooka.cpp">
      <Filter>Pliki źródłowe</Filter>
    </ClCompile>
    <ClCompile Include="Mountain.cpp">
      <Filter>Pliki źródłowe</Filter>
    </ClCompile>
    <ClCompile Include="Bullet.cpp">
      <Filter>Pliki źródłowe</Filter>
    </ClCompile>
    <ClCompile Include="DrawableElement.cpp">
      <Filter>Pliki źródłowe</Filter>
    </ClCompile>
    <ClCompile Include="Pointer.cpp">
      <Filter>Pliki źródłowe</Filter>
    </ClCompile>
    <ClCompile Include="HealthBar.cpp">
      <Filter>Pliki źródłowe</Filter>
    </ClCompile>
    <ClCompile Include="RGBflashLight.cpp">
      <Filter>Pliki źródłowe</Filter>
    </ClCompile>
    <ClCompile Include="ExplosionEffect.cpp">
      <Filter>Pliki źródłowe</Filter>
    </ClCompile>
  </ItemGroup>
  <ItemGroup>
    <None Include="packages.config" />
    <None Include="v_constant.glsl">
      <Filter>Pliki źródłowe</Filter>
    </None>
    <None Include="v_lambert.glsl">
      <Filter>Pliki źródłowe</Filter>
    </None>
    <None Include="v_lamberttextured.glsl">
      <Filter>Pliki źródłowe</Filter>
    </None>
    <None Include="v_textured.glsl">
      <Filter>Pliki źródłowe</Filter>
    </None>
    <None Include="vertex.glsl">
      <Filter>Pliki źródłowe</Filter>
    </None>
    <None Include="f_colored.glsl">
      <Filter>Pliki źródłowe</Filter>
    </None>
    <None Include="f_constant.glsl">
      <Filter>Pliki źródłowe</Filter>
    </None>
    <None Include="f_lambert.glsl">
      <Filter>Pliki źródłowe</Filter>
    </None>
    <None Include="f_lamberttextured.glsl">
      <Filter>Pliki źródłowe</Filter>
    </None>
    <None Include="f_textured.glsl">
      <Filter>Pliki źródłowe</Filter>
    </None>
    <None Include="fragment.glsl">
      <Filter>Pliki źródłowe</Filter>
    </None>
    <None Include="v_colored.glsl">
      <Filter>Pliki źródłowe</Filter>
    </None>
    <None Include="..\..\..\nw\snail3d\snail_nowy.vcxproj.user" />
    <None Include="..\..\..\nw\snail3d\snail3d.sln" />
  </ItemGroup>
  <ItemGroup>
    <ClInclude Include="myCube.h">
      <Filter>Pliki zasobów</Filter>
    </ClInclude>
    <ClInclude Include="myTeapot.h">
      <Filter>Pliki zasobów</Filter>
    </ClInclude>
    <ClInclude Include="constants.h">
      <Filter>Pliki zasobów</Filter>
    </ClInclude>
    <ClInclude Include="lodepng.h">
      <Filter>Pliki zasobów</Filter>
    </ClInclude>
    <ClInclude Include="Snail.h">
      <Filter>Pliki nagłówkowe</Filter>
    </ClInclude>
    <ClInclude Include="OBJloader.h">
      <Filter>Pliki nagłówkowe</Filter>
    </ClInclude>
    <ClInclude Include="Camera.h">
      <Filter>Pliki nagłówkowe</Filter>
    </ClInclude>
    <ClInclude Include="StrengthBar.h">
      <Filter>Pliki nagłówkowe</Filter>
    </ClInclude>
    <ClInclude Include="AABBObject.h">
      <Filter>Pliki nagłówkowe</Filter>
    </ClInclude>
    <ClInclude Include="model.h">
      <Filter>Pliki zasobów</Filter>
    </ClInclude>
    <ClInclude Include="sphere.h">
      <Filter>Pliki zasobów</Filter>
    </ClInclude>
    <ClInclude Include="teapot.h">
      <Filter>Pliki zasobów</Filter>
    </ClInclude>
    <ClInclude Include="torus.h">
      <Filter>Pliki zasobów</Filter>
    </ClInclude>
    <ClInclude Include="cube.h">
      <Filter>Pliki zasobów</Filter>
    </ClInclude>
    <ClInclude Include="Bazooka.h">
      <Filter>Pliki nagłówkowe</Filter>
    </ClInclude>
    <ClInclude Include="Utils.h">
      <Filter>Pliki nagłówkowe</Filter>
    </ClInclude>
    <ClInclude Include="Bullet.h">
      <Filter>Pliki nagłówkowe</Filter>
    </ClInclude>
    <ClInclude Include="DrawableElement.h">
      <Filter>Pliki nagłówkowe</Filter>
    </ClInclude>
    <ClInclude Include="Enemy.h">
      <Filter>Pliki nagłówkowe</Filter>
    </ClInclude>
    <ClInclude Include="Mountain.h">
      <Filter>Pliki nagłówkowe</Filter>
    </ClInclude>
    <ClInclude Include="allmodels.h">
      <Filter>Pliki nagłówkowe</Filter>
    </ClInclude>
    <ClInclude Include="Pointer.h">
      <Filter>Pliki nagłówkowe</Filter>
    </ClInclude>
    <ClInclude Include="HealthBar.h">
      <Filter>Pliki nagłówkowe</Filter>
    </ClInclude>
    <ClInclude Include="RGBflashLight.h">
      <Filter>Pliki nagłówkowe</Filter>
    </ClInclude>
    <ClInclude Include="ExplosionEffect.h">
      <Filter>Pliki nagłówkowe</Filter>
    </ClInclude>
  </ItemGroup>
  <ItemGroup>
    <Image Include="..\..\..\nw\snail3d\bricks.png">
      <Filter>Pliki zasobów</Filter>
    </Image>
    <Image Include="..\..\..\nw\snail3d\stone-wall.png">
      <Filter>Pliki zasobów</Filter>
    </Image>
  </ItemGroup>
  <ItemGroup>
    <Text Include="..\..\..\nw\snail3d\gpl.txt" />
  </ItemGroup>
</Project>